
Microsoft Visual Studio Solution File, Format Version 12.00
# Visual Studio Version 17
VisualStudioVersion = 17.2.32802.462
MinimumVisualStudioVersion = 10.0.40219.1
Project("{9A19103F-16F7-4668-BE54-9A1E7A4F7556}") = "KilencedikHet_YLPWAA", "KilencedikHet_YLPWAA\KilencedikHet_YLPWAA.csproj", "{CFB308FD-14B2-47F3-9BA0-EBA8BEFADDB5}"
EndProject
Project("{FAE04EC0-301F-11D3-BF4B-00C04F79EFBC}") = "Excel_Gen", "Excel_Gen\Excel_Gen.csproj", "{AAC99D2F-9E06-4E6E-99FE-D8EBC6CEB812}"
EndProject
Global
	GlobalSection(SolutionConfigurationPlatforms) = preSolution
		Debug|Any CPU = Debug|Any CPU
		Release|Any CPU = Release|Any CPU
	EndGlobalSection
	GlobalSection(ProjectConfigurationPlatforms) = postSolution
		{CFB308FD-14B2-47F3-9BA0-EBA8BEFADDB5}.Debug|Any CPU.ActiveCfg = Debug|Any CPU
		{CFB308FD-14B2-47F3-9BA0-EBA8BEFADDB5}.Debug|Any CPU.Build.0 = Debug|Any CPU
		{CFB308FD-14B2-47F3-9BA0-EBA8BEFADDB5}.Release|Any CPU.ActiveCfg = Release|Any CPU
		{CFB308FD-14B2-47F3-9BA0-EBA8BEFADDB5}.Release|Any CPU.Build.0 = Release|Any CPU
		{AAC99D2F-9E06-4E6E-99FE-D8EBC6CEB812}.Debug|Any CPU.ActiveCfg = Debug|Any CPU
		{AAC99D2F-9E06-4E6E-99FE-D8EBC6CEB812}.Debug|Any CPU.Build.0 = Debug|Any CPU
		{AAC99D2F-9E06-4E6E-99FE-D8EBC6CEB812}.Release|Any CPU.ActiveCfg = Release|Any CPU
		{AAC99D2F-9E06-4E6E-99FE-D8EBC6CEB812}.Release|Any CPU.Build.0 = Release|Any CPU
	EndGlobalSection
	GlobalSection(SolutionProperties) = preSolution
		HideSolutionNode = FALSE
	EndGlobalSection
	GlobalSection(ExtensibilityGlobals) = postSolution
		SolutionGuid = {2C58F68A-CF43-4675-B701-CEF083A93178}
	EndGlobalSection
EndGlobal
